
Microsoft Visual Studio Solution File, Format Version 12.00
# Visual Studio 14
VisualStudioVersion = 14.0.24720.0
MinimumVisualStudioVersion = 10.0.40219.1
Project("{FAE04EC0-301F-11D3-BF4B-00C04F79EFBC}") = "Cryptinsure", "Cryptinsure\Cryptinsure.csproj", "{034E2893-EC56-46FF-AE78-7E92CB20E05E}"
EndProject
Project("{FAE04EC0-301F-11D3-BF4B-00C04F79EFBC}") = "CryptinsureCore", "CryptinsureCore\CryptinsureCore.csproj", "{3C26EF44-6866-4C49-B76A-A17D66C5EC71}"
EndProject
Global
	GlobalSection(SolutionConfigurationPlatforms) = preSolution
		Debug|Any CPU = Debug|Any CPU
		Release|Any CPU = Release|Any CPU
	EndGlobalSection
	GlobalSection(ProjectConfigurationPlatforms) = postSolution
		{034E2893-EC56-46FF-AE78-7E92CB20E05E}.Debug|Any CPU.ActiveCfg = Debug|Any CPU
		{034E2893-EC56-46FF-AE78-7E92CB20E05E}.Debug|Any CPU.Build.0 = Debug|Any CPU
		{034E2893-EC56-46FF-AE78-7E92CB20E05E}.Release|Any CPU.ActiveCfg = Release|Any CPU
		{034E2893-EC56-46FF-AE78-7E92CB20E05E}.Release|Any CPU.Build.0 = Release|Any CPU
		{3C26EF44-6866-4C49-B76A-A17D66C5EC71}.Debug|Any CPU.ActiveCfg = Debug|Any CPU
		{3C26EF44-6866-4C49-B76A-A17D66C5EC71}.Debug|Any CPU.Build.0 = Debug|Any CPU
		{3C26EF44-6866-4C49-B76A-A17D66C5EC71}.Release|Any CPU.ActiveCfg = Release|Any CPU
		{3C26EF44-6866-4C49-B76A-A17D66C5EC71}.Release|Any CPU.Build.0 = Release|Any CPU
	EndGlobalSection
	GlobalSection(SolutionProperties) = preSolution
		HideSolutionNode = FALSE
	EndGlobalSection
EndGlobal
